github.com/SuperTikuwa/websocket-game/utility v0.0.0-20210628034744-8f82a15ef4f0 h1:NpLXi6XjQJ9zXowUxHzhSXcbuPrG4OFWfl98+jYcPIQ=
github.com/SuperTikuwa/websocket-game/utility v0.0.0-20210628034744-8f82a15ef4f0/go.mod h1:u+o0L1tQ0yUGcI0NUtCk8idkhQ0taNj6nSdeUWlw/yg=
github.com/gorilla/websocket v1.4.2 h1:+/TMaTYc4QFitKJxsQ7Yye35DkWvkdLcvGKqM+x0Ufc=
github.com/gorilla/websocket v1.4.2/go.mod h1:YR8l580nyteQvAITg2hZ9XVh4b55+EU/adAjf1fMHhE=
